
Microsoft Visual Studio Solution File, Format Version 12.00
# Visual Studio Version 16
VisualStudioVersion = 16.0.30717.126
MinimumVisualStudioVersion = 10.0.40219.1
Project("{FAE04EC0-301F-11D3-BF4B-00C04F79EFBC}") = "restDemo", "restDemo\restDemo.csproj", "{FB26BE23-F2DE-4EB2-BDF6-91DA3811AC9D}"
EndProject
Global
	GlobalSection(SolutionConfigurationPlatforms) = preSolution
		Debug|Any CPU = Debug|Any CPU
		Release|Any CPU = Release|Any CPU
	EndGlobalSection
	GlobalSection(ProjectConfigurationPlatforms) = postSolution
		{FB26BE23-F2DE-4EB2-BDF6-91DA3811AC9D}.Debug|Any CPU.ActiveCfg = Debug|Any CPU
		{FB26BE23-F2DE-4EB2-BDF6-91DA3811AC9D}.Debug|Any CPU.Build.0 = Debug|Any CPU
		{FB26BE23-F2DE-4EB2-BDF6-91DA3811AC9D}.Release|Any CPU.ActiveCfg = Release|Any CPU
		{FB26BE23-F2DE-4EB2-BDF6-91DA3811AC9D}.Release|Any CPU.Build.0 = Release|Any CPU
	EndGlobalSection
	GlobalSection(SolutionProperties) = preSolution
		HideSolutionNode = FALSE
	EndGlobalSection
	GlobalSection(ExtensibilityGlobals) = postSolution
		SolutionGuid = {B8DC7F68-7328-41DD-97F4-72F98822790B}
	EndGlobalSection
EndGlobal
